
Microsoft Visual Studio Solution File, Format Version 12.00
# Visual Studio Version 16
VisualStudioVersion = 16.0.29806.167
MinimumVisualStudioVersion = 10.0.40219.1
Project("{9A19103F-16F7-4668-BE54-9A1E7A4F7556}") = "YggdrAshill.Heimdallr.Specification", "YggdrAshill.Heimdallr.Specification\YggdrAshill.Heimdallr.Specification.csproj", "{EE106481-8010-41EB-B12A-011E52B1D9EC}"
EndProject
Project("{9A19103F-16F7-4668-BE54-9A1E7A4F7556}") = "YggdrAshill.Heimdallr", "YggdrAshill.Heimdallr\YggdrAshill.Heimdallr.csproj", "{1AC201DD-94E9-41D6-A26D-6BD6ECB2A201}"
EndProject
Project("{9A19103F-16F7-4668-BE54-9A1E7A4F7556}") = "Inspection", "Inspection\Inspection.csproj", "{E2CBE3C1-97C5-46D8-9322-4C6318B79CEC}"
EndProject
Project("{9A19103F-16F7-4668-BE54-9A1E7A4F7556}") = "Conversion", "Conversion\Conversion.csproj", "{67DB9275-D958-449D-8040-3F7F3DB1D5C4}"
EndProject
Project("{FAE04EC0-301F-11D3-BF4B-00C04F79EFBC}") = "Elucidation", "Elucidation\Elucidation.csproj", "{A6F1D3A9-2C5F-4039-939D-C55713EF1DCF}"
EndProject
Project("{FAE04EC0-301F-11D3-BF4B-00C04F79EFBC}") = "Inception", "Inception\Inception.csproj", "{76D7F1C1-5F4D-42EB-A98C-B06F603C3238}"
EndProject
Global
	GlobalSection(SolutionConfigurationPlatforms) = preSolution
		Debug|Any CPU = Debug|Any CPU
		Release|Any CPU = Release|Any CPU
	EndGlobalSection
	GlobalSection(ProjectConfigurationPlatforms) = postSolution
		{EE106481-8010-41EB-B12A-011E52B1D9EC}.Debug|Any CPU.ActiveCfg = Debug|Any CPU
		{EE106481-8010-41EB-B12A-011E52B1D9EC}.Debug|Any CPU.Build.0 = Debug|Any CPU
		{EE106481-8010-41EB-B12A-011E52B1D9EC}.Release|Any CPU.ActiveCfg = Release|Any CPU
		{EE106481-8010-41EB-B12A-011E52B1D9EC}.Release|Any CPU.Build.0 = Release|Any CPU
		{1AC201DD-94E9-41D6-A26D-6BD6ECB2A201}.Debug|Any CPU.ActiveCfg = Debug|Any CPU
		{1AC201DD-94E9-41D6-A26D-6BD6ECB2A201}.Debug|Any CPU.Build.0 = Debug|Any CPU
		{1AC201DD-94E9-41D6-A26D-6BD6ECB2A201}.Release|Any CPU.ActiveCfg = Release|Any CPU
		{1AC201DD-94E9-41D6-A26D-6BD6ECB2A201}.Release|Any CPU.Build.0 = Release|Any CPU
		{E2CBE3C1-97C5-46D8-9322-4C6318B79CEC}.Debug|Any CPU.ActiveCfg = Debug|Any CPU
		{E2CBE3C1-97C5-46D8-9322-4C6318B79CEC}.Debug|Any CPU.Build.0 = Debug|Any CPU
		{E2CBE3C1-97C5-46D8-9322-4C6318B79CEC}.Release|Any CPU.ActiveCfg = Release|Any CPU
		{E2CBE3C1-97C5-46D8-9322-4C6318B79CEC}.Release|Any CPU.Build.0 = Release|Any CPU
		{67DB9275-D958-449D-8040-3F7F3DB1D5C4}.Debug|Any CPU.ActiveCfg = Debug|Any CPU
		{67DB9275-D958-449D-8040-3F7F3DB1D5C4}.Debug|Any CPU.Build.0 = Debug|Any CPU
		{67DB9275-D958-449D-8040-3F7F3DB1D5C4}.Release|Any CPU.ActiveCfg = Release|Any CPU
		{67DB9275-D958-449D-8040-3F7F3DB1D5C4}.Release|Any CPU.Build.0 = Release|Any CPU
		{A6F1D3A9-2C5F-4039-939D-C55713EF1DCF}.Debug|Any CPU.ActiveCfg = Debug|Any CPU
		{A6F1D3A9-2C5F-4039-939D-C55713EF1DCF}.Debug|Any CPU.Build.0 = Debug|Any CPU
		{A6F1D3A9-2C5F-4039-939D-C55713EF1DCF}.Release|Any CPU.ActiveCfg = Release|Any CPU
		{A6F1D3A9-2C5F-4039-939D-C55713EF1DCF}.Release|Any CPU.Build.0 = Release|Any CPU
		{76D7F1C1-5F4D-42EB-A98C-B06F603C3238}.Debug|Any CPU.ActiveCfg = Debug|Any CPU
		{76D7F1C1-5F4D-42EB-A98C-B06F603C3238}.Debug|Any CPU.Build.0 = Debug|Any CPU
		{76D7F1C1-5F4D-42EB-A98C-B06F603C3238}.Release|Any CPU.ActiveCfg = Release|Any CPU
		{76D7F1C1-5F4D-42EB-A98C-B06F603C3238}.Release|Any CPU.Build.0 = Release|Any CPU
	EndGlobalSection
	GlobalSection(SolutionProperties) = preSolution
		HideSolutionNode = FALSE
	EndGlobalSection
	GlobalSection(ExtensibilityGlobals) = postSolution
		SolutionGuid = {644D284A-17E3-44CC-B71D-F256ABB1015F}
	EndGlobalSection
EndGlobal
