
Microsoft Visual Studio Solution File, Format Version 12.00
# Visual Studio Version 16
VisualStudioVersion = 16.0.29806.167
MinimumVisualStudioVersion = 10.0.40219.1
Project("{9A19103F-16F7-4668-BE54-9A1E7A4F7556}") = "YggdrAshill.Heimdallr.Specification", "YggdrAshill.Heimdallr.Specification\YggdrAshill.Heimdallr.Specification.csproj", "{EE106481-8010-41EB-B12A-011E52B1D9EC}"
EndProject
Project("{9A19103F-16F7-4668-BE54-9A1E7A4F7556}") = "YggdrAshill.Heimdallr", "YggdrAshill.Heimdallr\YggdrAshill.Heimdallr.csproj", "{1AC201DD-94E9-41D6-A26D-6BD6ECB2A201}"
EndProject
Project("{9A19103F-16F7-4668-BE54-9A1E7A4F7556}") = "Elucidation", "Elucidation\Elucidation.csproj", "{A6F1D3A9-2C5F-4039-939D-C55713EF1DCF}"
EndProject
Project("{9A19103F-16F7-4668-BE54-9A1E7A4F7556}") = "Explication", "Explication\Explication.csproj", "{9A44E94D-F2F1-411D-A8B6-828977ECE437}"
EndProject
Project("{9A19103F-16F7-4668-BE54-9A1E7A4F7556}") = "Historization", "Historization\Historization.csproj", "{B892D814-8DC5-4230-BE62-D011C16F1EEE}"
EndProject
Project("{9A19103F-16F7-4668-BE54-9A1E7A4F7556}") = "Items", "Items\Items.csproj", "{8EA40B9E-6298-495D-9416-739518F2CE21}"
EndProject
Project("{2150E333-8FDC-42A3-9474-1A3956D46DE8}") = "Solution Items", "Solution Items", "{ECAFC93F-AD27-48B6-9A4C-2E1EDCB90637}"
	ProjectSection(SolutionItems) = preProject
		.editorconfig = .editorconfig
	EndProjectSection
EndProject
Global
	GlobalSection(SolutionConfigurationPlatforms) = preSolution
		Debug|Any CPU = Debug|Any CPU
		Release|Any CPU = Release|Any CPU
	EndGlobalSection
	GlobalSection(ProjectConfigurationPlatforms) = postSolution
		{EE106481-8010-41EB-B12A-011E52B1D9EC}.Debug|Any CPU.ActiveCfg = Debug|Any CPU
		{EE106481-8010-41EB-B12A-011E52B1D9EC}.Debug|Any CPU.Build.0 = Debug|Any CPU
		{EE106481-8010-41EB-B12A-011E52B1D9EC}.Release|Any CPU.ActiveCfg = Release|Any CPU
		{EE106481-8010-41EB-B12A-011E52B1D9EC}.Release|Any CPU.Build.0 = Release|Any CPU
		{1AC201DD-94E9-41D6-A26D-6BD6ECB2A201}.Debug|Any CPU.ActiveCfg = Debug|Any CPU
		{1AC201DD-94E9-41D6-A26D-6BD6ECB2A201}.Debug|Any CPU.Build.0 = Debug|Any CPU
		{1AC201DD-94E9-41D6-A26D-6BD6ECB2A201}.Release|Any CPU.ActiveCfg = Release|Any CPU
		{1AC201DD-94E9-41D6-A26D-6BD6ECB2A201}.Release|Any CPU.Build.0 = Release|Any CPU
		{A6F1D3A9-2C5F-4039-939D-C55713EF1DCF}.Debug|Any CPU.ActiveCfg = Debug|Any CPU
		{A6F1D3A9-2C5F-4039-939D-C55713EF1DCF}.Debug|Any CPU.Build.0 = Debug|Any CPU
		{A6F1D3A9-2C5F-4039-939D-C55713EF1DCF}.Release|Any CPU.ActiveCfg = Release|Any CPU
		{A6F1D3A9-2C5F-4039-939D-C55713EF1DCF}.Release|Any CPU.Build.0 = Release|Any CPU
		{9A44E94D-F2F1-411D-A8B6-828977ECE437}.Debug|Any CPU.ActiveCfg = Debug|Any CPU
		{9A44E94D-F2F1-411D-A8B6-828977ECE437}.Debug|Any CPU.Build.0 = Debug|Any CPU
		{9A44E94D-F2F1-411D-A8B6-828977ECE437}.Release|Any CPU.ActiveCfg = Release|Any CPU
		{9A44E94D-F2F1-411D-A8B6-828977ECE437}.Release|Any CPU.Build.0 = Release|Any CPU
		{B892D814-8DC5-4230-BE62-D011C16F1EEE}.Debug|Any CPU.ActiveCfg = Debug|Any CPU
		{B892D814-8DC5-4230-BE62-D011C16F1EEE}.Debug|Any CPU.Build.0 = Debug|Any CPU
		{B892D814-8DC5-4230-BE62-D011C16F1EEE}.Release|Any CPU.ActiveCfg = Release|Any CPU
		{B892D814-8DC5-4230-BE62-D011C16F1EEE}.Release|Any CPU.Build.0 = Release|Any CPU
		{8EA40B9E-6298-495D-9416-739518F2CE21}.Debug|Any CPU.ActiveCfg = Debug|Any CPU
		{8EA40B9E-6298-495D-9416-739518F2CE21}.Debug|Any CPU.Build.0 = Debug|Any CPU
		{8EA40B9E-6298-495D-9416-739518F2CE21}.Release|Any CPU.ActiveCfg = Release|Any CPU
		{8EA40B9E-6298-495D-9416-739518F2CE21}.Release|Any CPU.Build.0 = Release|Any CPU
	EndGlobalSection
	GlobalSection(SolutionProperties) = preSolution
		HideSolutionNode = FALSE
	EndGlobalSection
	GlobalSection(ExtensibilityGlobals) = postSolution
		SolutionGuid = {644D284A-17E3-44CC-B71D-F256ABB1015F}
	EndGlobalSection
EndGlobal
